
Microsoft Visual Studio Solution File, Format Version 12.00
# Visual Studio 15
VisualStudioVersion = 15.0.27703.2000
MinimumVisualStudioVersion = 10.0.40219.1
Project("{8BC9CEB8-8B4A-11D0-8D11-00A0C91BC942}") = "foxUtilities", "foxUtilities\foxUtilities.vcxproj", "{AA5046CA-F3DD-4ACB-99B9-5621A07E1A18}"
EndProject
Project("{8BC9CEB8-8B4A-11D0-8D11-00A0C91BC942}") = "foxUtilities_UnitTest", "foxUtilities_UnitTest\foxUtilities_UnitTest.vcxproj", "{1DFEC8D5-6093-4C51-BB2B-72EA0B83F610}"
EndProject
Global
	GlobalSection(SolutionConfigurationPlatforms) = preSolution
		Debug|x64 = Debug|x64
		Debug|x86 = Debug|x86
		Release|x64 = Release|x64
		Release|x86 = Release|x86
	EndGlobalSection
	GlobalSection(ProjectConfigurationPlatforms) = postSolution
		{AA5046CA-F3DD-4ACB-99B9-5621A07E1A18}.Debug|x64.ActiveCfg = Debug|x64
		{AA5046CA-F3DD-4ACB-99B9-5621A07E1A18}.Debug|x64.Build.0 = Debug|x64
		{AA5046CA-F3DD-4ACB-99B9-5621A07E1A18}.Debug|x86.ActiveCfg = Debug|Win32
		{AA5046CA-F3DD-4ACB-99B9-5621A07E1A18}.Debug|x86.Build.0 = Debug|Win32
		{AA5046CA-F3DD-4ACB-99B9-5621A07E1A18}.Release|x64.ActiveCfg = Release|x64
		{AA5046CA-F3DD-4ACB-99B9-5621A07E1A18}.Release|x64.Build.0 = Release|x64
		{AA5046CA-F3DD-4ACB-99B9-5621A07E1A18}.Release|x86.ActiveCfg = Release|Win32
		{AA5046CA-F3DD-4ACB-99B9-5621A07E1A18}.Release|x86.Build.0 = Release|Win32
		{1DFEC8D5-6093-4C51-BB2B-72EA0B83F610}.Debug|x64.ActiveCfg = Debug|x64
		{1DFEC8D5-6093-4C51-BB2B-72EA0B83F610}.Debug|x64.Build.0 = Debug|x64
		{1DFEC8D5-6093-4C51-BB2B-72EA0B83F610}.Debug|x86.ActiveCfg = Debug|Win32
		{1DFEC8D5-6093-4C51-BB2B-72EA0B83F610}.Debug|x86.Build.0 = Debug|Win32
		{1DFEC8D5-6093-4C51-BB2B-72EA0B83F610}.Release|x64.ActiveCfg = Release|x64
		{1DFEC8D5-6093-4C51-BB2B-72EA0B83F610}.Release|x64.Build.0 = Release|x64
		{1DFEC8D5-6093-4C51-BB2B-72EA0B83F610}.Release|x86.ActiveCfg = Release|Win32
		{1DFEC8D5-6093-4C51-BB2B-72EA0B83F610}.Release|x86.Build.0 = Release|Win32
	EndGlobalSection
	GlobalSection(SolutionProperties) = preSolution
		HideSolutionNode = FALSE
	EndGlobalSection
	GlobalSection(ExtensibilityGlobals) = postSolution
		SolutionGuid = {7B443A53-A12A-4B85-8247-CF106A50289C}
	EndGlobalSection
EndGlobal
