<?xml version="1.0" encoding="utf-8"?>
<Project ToolsVersion="4.0" xmlns="http://schemas.microsoft.com/developer/msbuild/2003">
  <ItemGroup>
    <Filter Include="Include">
      <UniqueIdentifier>{4dc07c19-102b-48d2-9513-435312575838}</UniqueIdentifier>
    </Filter>
    <Filter Include="Src">
      <UniqueIdentifier>{7d1a54c0-d5ce-4e64-b752-cea49ad6f135}</UniqueIdentifier>
    </Filter>
    <Filter Include="Include\prerequisites">
      <UniqueIdentifier>{4d1e0b74-6290-41a5-b734-8673324c538a}</UniqueIdentifier>
    </Filter>
  </ItemGroup>
  <ItemGroup>
    <ClInclude Include="include\foxDXGraphicsAPI.h">
      <Filter>Include</Filter>
    </ClInclude>
    <ClInclude Include="include\foxGraphicsDefines.h">
      <Filter>Include\prerequisites</Filter>
    </ClInclude>
    <ClInclude Include="include\foxShader.h">
      <Filter>Include</Filter>
    </ClInclude>
    <ClInclude Include="include\foxGraphicsCommons.h">
      <Filter>Include</Filter>
    </ClInclude>
    <ClInclude Include="include\foxDXRenderWindow.h">
      <Filter>Include</Filter>
    </ClInclude>
    <ClInclude Include="include\foxDXDevice.h">
      <Filter>Include</Filter>
    </ClInclude>
    <ClInclude Include="include\foxDXSwapChain.h">
      <Filter>Include</Filter>
    </ClInclude>
    <ClInclude Include="include\foxDXDeviceContext.h">
      <Filter>Include</Filter>
    </ClInclude>
    <ClInclude Include="include\foxDXRenderTargetView.h">
      <Filter>Include</Filter>
    </ClInclude>
    <ClInclude Include="include\foxDXTexture.h">
      <Filter>Include</Filter>
    </ClInclude>
    <ClInclude Include="include\foxDXViewport.h">
      <Filter>Include</Filter>
    </ClInclude>
    <ClInclude Include="include\foxDXVertexShader.h">
      <Filter>Include</Filter>
    </ClInclude>
    <ClInclude Include="include\foxDXInputLayout.h">
      <Filter>Include</Filter>
    </ClInclude>
    <ClInclude Include="include\foxDXPixelShader.h">
      <Filter>Include</Filter>
    </ClInclude>
    <ClInclude Include="include\foxDXVertexBuffer.h">
      <Filter>Include</Filter>
    </ClInclude>
  </ItemGroup>
  <ItemGroup>
    <ClCompile Include="src\foxDXGraphicsAPI.cpp">
      <Filter>Src</Filter>
    </ClCompile>
    <ClCompile Include="src\foxShader.cpp">
      <Filter>Src</Filter>
    </ClCompile>
    <ClCompile Include="src\foxDXRenderWindow.cpp">
      <Filter>Src</Filter>
    </ClCompile>
    <ClCompile Include="src\foxDXDevice.cpp">
      <Filter>Src</Filter>
    </ClCompile>
    <ClCompile Include="src\foxDXSwapChain.cpp">
      <Filter>Src</Filter>
    </ClCompile>
    <ClCompile Include="src\foxDXDeviceContext.cpp">
      <Filter>Src</Filter>
    </ClCompile>
    <ClCompile Include="src\foxDXRenderTargetView.cpp">
      <Filter>Src</Filter>
    </ClCompile>
    <ClCompile Include="src\foxDXTexture.cpp">
      <Filter>Src</Filter>
    </ClCompile>
    <ClCompile Include="src\foxDXViewport.cpp">
      <Filter>Src</Filter>
    </ClCompile>
    <ClCompile Include="src\foxDXVertexShader.cpp">
      <Filter>Src</Filter>
    </ClCompile>
    <ClCompile Include="src\foxDXInputLayout.cpp">
      <Filter>Src</Filter>
    </ClCompile>
    <ClCompile Include="src\foxDXPixelShader.cpp">
      <Filter>Src</Filter>
    </ClCompile>
    <ClCompile Include="src\foxDXVertexBuffer.cpp">
      <Filter>Src</Filter>
    </ClCompile>
  </ItemGroup>
</Project>