<?xml version="1.0" encoding="utf-8"?>
<Project ToolsVersion="4.0" xmlns="http://schemas.microsoft.com/developer/msbuild/2003">
  <ItemGroup>
    <Filter Include="Include">
      <UniqueIdentifier>{4dc07c19-102b-48d2-9513-435312575838}</UniqueIdentifier>
    </Filter>
    <Filter Include="Src">
      <UniqueIdentifier>{7d1a54c0-d5ce-4e64-b752-cea49ad6f135}</UniqueIdentifier>
    </Filter>
    <Filter Include="Include\prerequisites">
      <UniqueIdentifier>{4d1e0b74-6290-41a5-b734-8673324c538a}</UniqueIdentifier>
    </Filter>
  </ItemGroup>
  <ItemGroup>
    <ClInclude Include="include\foxDXGraphicsAPI.h">
      <Filter>Include</Filter>
    </ClInclude>
    <ClInclude Include="include\foxGraphicsDefines.h">
      <Filter>Include\prerequisites</Filter>
    </ClInclude>
    <ClInclude Include="include\foxGraphicsCommons.h">
      <Filter>Include</Filter>
    </ClInclude>
    <ClInclude Include="include\foxDXDevice.h">
      <Filter>Include</Filter>
    </ClInclude>
    <ClInclude Include="include\foxDXSwapChain.h">
      <Filter>Include</Filter>
    </ClInclude>
    <ClInclude Include="include\foxDXDeviceContext.h">
      <Filter>Include</Filter>
    </ClInclude>
    <ClInclude Include="include\foxDXRenderTargetView.h" />
    <ClInclude Include="include\foxDXTexture.h" />
    <ClInclude Include="include\foxDXDepthStencilView.h" />
    <ClInclude Include="include\foxDXInputLayout.h" />
    <ClInclude Include="include\foxDXShader.h" />
    <ClInclude Include="include\foxDXBuffer.h" />
    <ClInclude Include="include\foxDXVertexBuffer.h" />
    <ClInclude Include="include\foxDXVertexShader.h" />
    <ClInclude Include="include\foxDXPixelShader.h" />
    <ClInclude Include="include\foxDXIndexBuffer.h" />
    <ClInclude Include="include\foxDXConstantBuffer.h" />
  </ItemGroup>
  <ItemGroup>
    <ClCompile Include="src\foxDXGraphicsAPI.cpp">
      <Filter>Src</Filter>
    </ClCompile>
    <ClCompile Include="src\foxDXDevice.cpp">
      <Filter>Src</Filter>
    </ClCompile>
    <ClCompile Include="src\foxDXSwapChain.cpp">
      <Filter>Src</Filter>
    </ClCompile>
    <ClCompile Include="src\foxDXDeviceContext.cpp">
      <Filter>Src</Filter>
    </ClCompile>
    <ClCompile Include="src\foxDXRenderTargetView.cpp" />
    <ClCompile Include="src\foxDXTexture.cpp" />
    <ClCompile Include="src\foxDXDepthStencilView.cpp" />
    <ClCompile Include="src\foxDXInputLayout.cpp" />
    <ClCompile Include="src\foxDXShader.cpp" />
    <ClCompile Include="src\foxDXBuffer.cpp" />
    <ClCompile Include="src\foxDXVertexBuffer.cpp" />
    <ClCompile Include="src\foxDXVertexShader.cpp" />
    <ClCompile Include="src\foxDXPixelShader.cpp" />
    <ClCompile Include="src\foxDXIndexBuffer.cpp" />
    <ClCompile Include="src\foxDXConstantBuffer.cpp" />
  </ItemGroup>
</Project>